
Microsoft Visual Studio Solution File, Format Version 12.00
# Visual Studio 14
VisualStudioVersion = 14.0.23107.0
MinimumVisualStudioVersion = 10.0.40219.1
Project("{FAE04EC0-301F-11D3-BF4B-00C04F79EFBC}") = "AlexanderDevelopment.ConfigDataMover", "ConfigDataMover\AlexanderDevelopment.ConfigDataMover.csproj", "{2BBA0CED-20DF-440E-BE46-EFCF280AD21E}"
EndProject
Project("{FAE04EC0-301F-11D3-BF4B-00C04F79EFBC}") = "AlexanderDevelopment.ConfigDataMover.Cli", "AlexanderDevelopment.ConfigDataMover.Cli\AlexanderDevelopment.ConfigDataMover.Cli.csproj", "{6D2499A8-7466-4835-ADA2-DB2397555433}"
EndProject
Project("{FAE04EC0-301F-11D3-BF4B-00C04F79EFBC}") = "AlexanderDevelopment.ConfigDataMover.Lib", "AlexanderDevelopment.ConfigDataMover.Lib\AlexanderDevelopment.ConfigDataMover.Lib.csproj", "{9383563C-368B-4FE7-A62D-261AA9E5D296}"
EndProject
Global
	GlobalSection(SolutionConfigurationPlatforms) = preSolution
		Debug|Any CPU = Debug|Any CPU
		Release|Any CPU = Release|Any CPU
	EndGlobalSection
	GlobalSection(ProjectConfigurationPlatforms) = postSolution
		{2BBA0CED-20DF-440E-BE46-EFCF280AD21E}.Debug|Any CPU.ActiveCfg = Debug|Any CPU
		{2BBA0CED-20DF-440E-BE46-EFCF280AD21E}.Debug|Any CPU.Build.0 = Debug|Any CPU
		{2BBA0CED-20DF-440E-BE46-EFCF280AD21E}.Release|Any CPU.ActiveCfg = Release|Any CPU
		{2BBA0CED-20DF-440E-BE46-EFCF280AD21E}.Release|Any CPU.Build.0 = Release|Any CPU
		{6D2499A8-7466-4835-ADA2-DB2397555433}.Debug|Any CPU.ActiveCfg = Debug|Any CPU
		{6D2499A8-7466-4835-ADA2-DB2397555433}.Debug|Any CPU.Build.0 = Debug|Any CPU
		{6D2499A8-7466-4835-ADA2-DB2397555433}.Release|Any CPU.ActiveCfg = Release|Any CPU
		{6D2499A8-7466-4835-ADA2-DB2397555433}.Release|Any CPU.Build.0 = Release|Any CPU
		{9383563C-368B-4FE7-A62D-261AA9E5D296}.Debug|Any CPU.ActiveCfg = Debug|Any CPU
		{9383563C-368B-4FE7-A62D-261AA9E5D296}.Debug|Any CPU.Build.0 = Debug|Any CPU
		{9383563C-368B-4FE7-A62D-261AA9E5D296}.Release|Any CPU.ActiveCfg = Release|Any CPU
		{9383563C-368B-4FE7-A62D-261AA9E5D296}.Release|Any CPU.Build.0 = Release|Any CPU
	EndGlobalSection
	GlobalSection(SolutionProperties) = preSolution
		HideSolutionNode = FALSE
	EndGlobalSection
EndGlobal
